// !$*UTF8*$!
{
	archiveVersion = 1;
	classes = {
	};
	objectVersion = 56;
	objects = {

/* Begin PBXBuildFile section */
		30F76A772B9F62A200FC3AFC /* AppDelegate.swift in Sources */ = {isa = PBXBuildFile; fileRef = 30F76A762B9F62A200FC3AFC /* AppDelegate.swift */; };
		30F76A792B9F62A200FC3AFC /* SceneDelegate.swift in Sources */ = {isa = PBXBuildFile; fileRef = 30F76A782B9F62A200FC3AFC /* SceneDelegate.swift */; };
		30F76A7B2B9F62A200FC3AFC /* MainTabBarController.swift in Sources */ = {isa = PBXBuildFile; fileRef = 30F76A7A2B9F62A200FC3AFC /* MainTabBarController.swift */; };
		30F76A802B9F62A300FC3AFC /* Assets.xcassets in Resources */ = {isa = PBXBuildFile; fileRef = 30F76A7F2B9F62A300FC3AFC /* Assets.xcassets */; };
		30F76A832B9F62A300FC3AFC /* LaunchScreen.storyboard in Resources */ = {isa = PBXBuildFile; fileRef = 30F76A812B9F62A300FC3AFC /* LaunchScreen.storyboard */; };
		30F76A8B2BA05A7500FC3AFC /* TrackerViewController.swift in Sources */ = {isa = PBXBuildFile; fileRef = 30F76A8A2BA05A7500FC3AFC /* TrackerViewController.swift */; };
		30F76A8D2BA05A9600FC3AFC /* StatisticViewController.swift in Sources */ = {isa = PBXBuildFile; fileRef = 30F76A8C2BA05A9600FC3AFC /* StatisticViewController.swift */; };
		30F76A8F2BA0607000FC3AFC /* UIColors + Extension.swift in Sources */ = {isa = PBXBuildFile; fileRef = 30F76A8E2BA0607000FC3AFC /* UIColors + Extension.swift */; };
		30F76A932BA474CA00FC3AFC /* Tracker.swift in Sources */ = {isa = PBXBuildFile; fileRef = 30F76A922BA474C900FC3AFC /* Tracker.swift */; };
		30F76A952BA4756B00FC3AFC /* TrackerCategory.swift in Sources */ = {isa = PBXBuildFile; fileRef = 30F76A942BA4756B00FC3AFC /* TrackerCategory.swift */; };
		30F76A992BA4758B00FC3AFC /* TrackerRecord.swift in Sources */ = {isa = PBXBuildFile; fileRef = 30F76A982BA4758B00FC3AFC /* TrackerRecord.swift */; };
		30F76A9B2BA476A000FC3AFC /* WeekDay.swift in Sources */ = {isa = PBXBuildFile; fileRef = 30F76A9A2BA476A000FC3AFC /* WeekDay.swift */; };
		30F76AA82BA4C85400FC3AFC /* CreatingTracker.swift in Sources */ = {isa = PBXBuildFile; fileRef = 30F76AA72BA4C85400FC3AFC /* CreatingTracker.swift */; };
		30F76AAA2BA4C9D700FC3AFC /* TrackerViewControllerCell.swift in Sources */ = {isa = PBXBuildFile; fileRef = 30F76AA92BA4C9D700FC3AFC /* TrackerViewControllerCell.swift */; };
		30F76AAC2BA4C9E600FC3AFC /* TrackerViewControllerHeader.swift in Sources */ = {isa = PBXBuildFile; fileRef = 30F76AAB2BA4C9E600FC3AFC /* TrackerViewControllerHeader.swift */; };
		30F76AAE2BA4CA2D00FC3AFC /* NewHabitViewController.swift in Sources */ = {isa = PBXBuildFile; fileRef = 30F76AAD2BA4CA2D00FC3AFC /* NewHabitViewController.swift */; };
		30F76AB02BA4CA7000FC3AFC /* NewCategoryViewController.swift in Sources */ = {isa = PBXBuildFile; fileRef = 30F76AAF2BA4CA7000FC3AFC /* NewCategoryViewController.swift */; };
		30F76AB22BA4CA8900FC3AFC /* NewSheduleViewController.swift in Sources */ = {isa = PBXBuildFile; fileRef = 30F76AB12BA4CA8900FC3AFC /* NewSheduleViewController.swift */; };
		30F76AB42BA4CAA800FC3AFC /* IrregularEventViewController.swift in Sources */ = {isa = PBXBuildFile; fileRef = 30F76AB32BA4CAA800FC3AFC /* IrregularEventViewController.swift */; };
		30F76AB62BA4CAC800FC3AFC /* TableViewCell.swift in Sources */ = {isa = PBXBuildFile; fileRef = 30F76AB52BA4CAC800FC3AFC /* TableViewCell.swift */; };
		30F76AB82BA4CADE00FC3AFC /* SheduleViewCell.swift in Sources */ = {isa = PBXBuildFile; fileRef = 30F76AB72BA4CADE00FC3AFC /* SheduleViewCell.swift */; };
/* End PBXBuildFile section */

/* Begin PBXFileReference section */
		30F76A732B9F62A200FC3AFC /* Application_Tracker.app */ = {isa = PBXFileReference; explicitFileType = wrapper.application; includeInIndex = 0; path = Application_Tracker.app; sourceTree = BUILT_PRODUCTS_DIR; };
		30F76A762B9F62A200FC3AFC /* AppDelegate.swift */ = {isa = PBXFileReference; lastKnownFileType = sourcecode.swift; path = AppDelegate.swift; sourceTree = "<group>"; };
		30F76A782B9F62A200FC3AFC /* SceneDelegate.swift */ = {isa = PBXFileReference; lastKnownFileType = sourcecode.swift; path = SceneDelegate.swift; sourceTree = "<group>"; };
		30F76A7A2B9F62A200FC3AFC /* MainTabBarController.swift */ = {isa = PBXFileReference; lastKnownFileType = sourcecode.swift; path = MainTabBarController.swift; sourceTree = "<group>"; };
		30F76A7F2B9F62A300FC3AFC /* Assets.xcassets */ = {isa = PBXFileReference; lastKnownFileType = folder.assetcatalog; path = Assets.xcassets; sourceTree = "<group>"; };
		30F76A822B9F62A300FC3AFC /* Base */ = {isa = PBXFileReference; lastKnownFileType = file.storyboard; name = Base; path = Base.lproj/LaunchScreen.storyboard; sourceTree = "<group>"; };
		30F76A842B9F62A300FC3AFC /* Info.plist */ = {isa = PBXFileReference; lastKnownFileType = text.plist.xml; path = Info.plist; sourceTree = "<group>"; };
		30F76A8A2BA05A7500FC3AFC /* TrackerViewController.swift */ = {isa = PBXFileReference; lastKnownFileType = sourcecode.swift; path = TrackerViewController.swift; sourceTree = "<group>"; };
		30F76A8C2BA05A9600FC3AFC /* StatisticViewController.swift */ = {isa = PBXFileReference; lastKnownFileType = sourcecode.swift; path = StatisticViewController.swift; sourceTree = "<group>"; };
		30F76A8E2BA0607000FC3AFC /* UIColors + Extension.swift */ = {isa = PBXFileReference; lastKnownFileType = sourcecode.swift; path = "UIColors + Extension.swift"; sourceTree = "<group>"; };
		30F76A922BA474C900FC3AFC /* Tracker.swift */ = {isa = PBXFileReference; lastKnownFileType = sourcecode.swift; path = Tracker.swift; sourceTree = "<group>"; };
		30F76A942BA4756B00FC3AFC /* TrackerCategory.swift */ = {isa = PBXFileReference; lastKnownFileType = sourcecode.swift; path = TrackerCategory.swift; sourceTree = "<group>"; };
		30F76A982BA4758B00FC3AFC /* TrackerRecord.swift */ = {isa = PBXFileReference; lastKnownFileType = sourcecode.swift; path = TrackerRecord.swift; sourceTree = "<group>"; };
		30F76A9A2BA476A000FC3AFC /* WeekDay.swift */ = {isa = PBXFileReference; lastKnownFileType = sourcecode.swift; path = WeekDay.swift; sourceTree = "<group>"; };
		30F76AA72BA4C85400FC3AFC /* CreatingTracker.swift */ = {isa = PBXFileReference; lastKnownFileType = sourcecode.swift; path = CreatingTracker.swift; sourceTree = "<group>"; };
		30F76AA92BA4C9D700FC3AFC /* TrackerViewControllerCell.swift */ = {isa = PBXFileReference; lastKnownFileType = sourcecode.swift; path = TrackerViewControllerCell.swift; sourceTree = "<group>"; };
		30F76AAB2BA4C9E600FC3AFC /* TrackerViewControllerHeader.swift */ = {isa = PBXFileReference; lastKnownFileType = sourcecode.swift; path = TrackerViewControllerHeader.swift; sourceTree = "<group>"; };
		30F76AAD2BA4CA2D00FC3AFC /* NewHabitViewController.swift */ = {isa = PBXFileReference; lastKnownFileType = sourcecode.swift; path = NewHabitViewController.swift; sourceTree = "<group>"; };
		30F76AAF2BA4CA7000FC3AFC /* NewCategoryViewController.swift */ = {isa = PBXFileReference; lastKnownFileType = sourcecode.swift; path = NewCategoryViewController.swift; sourceTree = "<group>"; };
		30F76AB12BA4CA8900FC3AFC /* NewSheduleViewController.swift */ = {isa = PBXFileReference; lastKnownFileType = sourcecode.swift; path = NewSheduleViewController.swift; sourceTree = "<group>"; };
		30F76AB32BA4CAA800FC3AFC /* IrregularEventViewController.swift */ = {isa = PBXFileReference; lastKnownFileType = sourcecode.swift; path = IrregularEventViewController.swift; sourceTree = "<group>"; };
		30F76AB52BA4CAC800FC3AFC /* TableViewCell.swift */ = {isa = PBXFileReference; lastKnownFileType = sourcecode.swift; path = TableViewCell.swift; sourceTree = "<group>"; };
		30F76AB72BA4CADE00FC3AFC /* SheduleViewCell.swift */ = {isa = PBXFileReference; lastKnownFileType = sourcecode.swift; path = SheduleViewCell.swift; sourceTree = "<group>"; };
/* End PBXFileReference section */

/* Begin PBXFrameworksBuildPhase section */
		30F76A702B9F62A200FC3AFC /* Frameworks */ = {
			isa = PBXFrameworksBuildPhase;
			buildActionMask = 2147483647;
			files = (
			);
			runOnlyForDeploymentPostprocessing = 0;
		};
/* End PBXFrameworksBuildPhase section */

/* Begin PBXGroup section */
		30F76A6A2B9F62A200FC3AFC = {
			isa = PBXGroup;
			children = (
				30F76A752B9F62A200FC3AFC /* Application_Tracker */,
				30F76A742B9F62A200FC3AFC /* Products */,
			);
			sourceTree = "<group>";
		};
		30F76A742B9F62A200FC3AFC /* Products */ = {
			isa = PBXGroup;
			children = (
				30F76A732B9F62A200FC3AFC /* Application_Tracker.app */,
			);
			name = Products;
			sourceTree = "<group>";
		};
		30F76A752B9F62A200FC3AFC /* Application_Tracker */ = {
			isa = PBXGroup;
			children = (
				30F76A762B9F62A200FC3AFC /* AppDelegate.swift */,
				30F76A782B9F62A200FC3AFC /* SceneDelegate.swift */,
				30F76A7A2B9F62A200FC3AFC /* MainTabBarController.swift */,
				30F76A912BA474B000FC3AFC /* Models */,
				30F76AA52BA4C60100FC3AFC /* Tracker */,
				30F76AA62BA4C60900FC3AFC /* Statistic */,
				30F76A7F2B9F62A300FC3AFC /* Assets.xcassets */,
				30F76A812B9F62A300FC3AFC /* LaunchScreen.storyboard */,
				30F76A842B9F62A300FC3AFC /* Info.plist */,
				30F76A902BA0630E00FC3AFC /* Extension */,
			);
			path = Application_Tracker;
			sourceTree = "<group>";
		};
		30F76A902BA0630E00FC3AFC /* Extension */ = {
			isa = PBXGroup;
			children = (
				30F76A8E2BA0607000FC3AFC /* UIColors + Extension.swift */,
				30F76A9A2BA476A000FC3AFC /* WeekDay.swift */,
			);
			path = Extension;
			sourceTree = "<group>";
		};
		30F76A912BA474B000FC3AFC /* Models */ = {
			isa = PBXGroup;
			children = (
				30F76A922BA474C900FC3AFC /* Tracker.swift */,
				30F76A942BA4756B00FC3AFC /* TrackerCategory.swift */,
				30F76A982BA4758B00FC3AFC /* TrackerRecord.swift */,
			);
			path = Models;
			sourceTree = "<group>";
		};
		30F76AA52BA4C60100FC3AFC /* Tracker */ = {
			isa = PBXGroup;
			children = (
				30F76A8A2BA05A7500FC3AFC /* TrackerViewController.swift */,
				30F76AA72BA4C85400FC3AFC /* CreatingTracker.swift */,
				30F76AA92BA4C9D700FC3AFC /* TrackerViewControllerCell.swift */,
				30F76AAB2BA4C9E600FC3AFC /* TrackerViewControllerHeader.swift */,
				30F76AAD2BA4CA2D00FC3AFC /* NewHabitViewController.swift */,
				30F76AAF2BA4CA7000FC3AFC /* NewCategoryViewController.swift */,
				30F76AB12BA4CA8900FC3AFC /* NewSheduleViewController.swift */,
				30F76AB32BA4CAA800FC3AFC /* IrregularEventViewController.swift */,
				30F76AB52BA4CAC800FC3AFC /* TableViewCell.swift */,
				30F76AB72BA4CADE00FC3AFC /* SheduleViewCell.swift */,
			);
			path = Tracker;
			sourceTree = "<group>";
		};
		30F76AA62BA4C60900FC3AFC /* Statistic */ = {
			isa = PBXGroup;
			children = (
				30F76A8C2BA05A9600FC3AFC /* StatisticViewController.swift */,
			);
			path = Statistic;
			sourceTree = "<group>";
		};
/* End PBXGroup section */

/* Begin PBXNativeTarget section */
		30F76A722B9F62A200FC3AFC /* Application_Tracker */ = {
			isa = PBXNativeTarget;
			buildConfigurationList = 30F76A872B9F62A300FC3AFC /* Build configuration list for PBXNativeTarget "Application_Tracker" */;
			buildPhases = (
				30F76A6F2B9F62A200FC3AFC /* Sources */,
				30F76A702B9F62A200FC3AFC /* Frameworks */,
				30F76A712B9F62A200FC3AFC /* Resources */,
			);
			buildRules = (
			);
			dependencies = (
			);
			name = Application_Tracker;
			productName = Application_Tracker;
			productReference = 30F76A732B9F62A200FC3AFC /* Application_Tracker.app */;
			productType = "com.apple.product-type.application";
		};
/* End PBXNativeTarget section */

/* Begin PBXProject section */
		30F76A6B2B9F62A200FC3AFC /* Project object */ = {
			isa = PBXProject;
			attributes = {
				BuildIndependentTargetsInParallel = 1;
				LastSwiftUpdateCheck = 1420;
				LastUpgradeCheck = 1420;
				TargetAttributes = {
					30F76A722B9F62A200FC3AFC = {
						CreatedOnToolsVersion = 14.2;
					};
				};
			};
			buildConfigurationList = 30F76A6E2B9F62A200FC3AFC /* Build configuration list for PBXProject "Application_Tracker" */;
			compatibilityVersion = "Xcode 14.0";
			developmentRegion = en;
			hasScannedForEncodings = 0;
			knownRegions = (
				en,
				Base,
			);
			mainGroup = 30F76A6A2B9F62A200FC3AFC;
			productRefGroup = 30F76A742B9F62A200FC3AFC /* Products */;
			projectDirPath = "";
			projectRoot = "";
			targets = (
				30F76A722B9F62A200FC3AFC /* Application_Tracker */,
			);
		};
/* End PBXProject section */

/* Begin PBXResourcesBuildPhase section */
		30F76A712B9F62A200FC3AFC /* Resources */ = {
			isa = PBXResourcesBuildPhase;
			buildActionMask = 2147483647;
			files = (
				30F76A832B9F62A300FC3AFC /* LaunchScreen.storyboard in Resources */,
				30F76A802B9F62A300FC3AFC /* Assets.xcassets in Resources */,
			);
			runOnlyForDeploymentPostprocessing = 0;
		};
/* End PBXResourcesBuildPhase section */

/* Begin PBXSourcesBuildPhase section */
		30F76A6F2B9F62A200FC3AFC /* Sources */ = {
			isa = PBXSourcesBuildPhase;
			buildActionMask = 2147483647;
			files = (
				30F76A7B2B9F62A200FC3AFC /* MainTabBarController.swift in Sources */,
				30F76A8B2BA05A7500FC3AFC /* TrackerViewController.swift in Sources */,
				30F76A9B2BA476A000FC3AFC /* WeekDay.swift in Sources */,
				30F76AB62BA4CAC800FC3AFC /* TableViewCell.swift in Sources */,
				30F76A952BA4756B00FC3AFC /* TrackerCategory.swift in Sources */,
				30F76A772B9F62A200FC3AFC /* AppDelegate.swift in Sources */,
				30F76AAC2BA4C9E600FC3AFC /* TrackerViewControllerHeader.swift in Sources */,
				30F76AB42BA4CAA800FC3AFC /* IrregularEventViewController.swift in Sources */,
				30F76AAA2BA4C9D700FC3AFC /* TrackerViewControllerCell.swift in Sources */,
				30F76AB82BA4CADE00FC3AFC /* SheduleViewCell.swift in Sources */,
				30F76AB02BA4CA7000FC3AFC /* NewCategoryViewController.swift in Sources */,
				30F76A8F2BA0607000FC3AFC /* UIColors + Extension.swift in Sources */,
				30F76AAE2BA4CA2D00FC3AFC /* NewHabitViewController.swift in Sources */,
				30F76A992BA4758B00FC3AFC /* TrackerRecord.swift in Sources */,
				30F76AA82BA4C85400FC3AFC /* CreatingTracker.swift in Sources */,
				30F76AB22BA4CA8900FC3AFC /* NewSheduleViewController.swift in Sources */,
				30F76A8D2BA05A9600FC3AFC /* StatisticViewController.swift in Sources */,
				30F76A792B9F62A200FC3AFC /* SceneDelegate.swift in Sources */,
				30F76A932BA474CA00FC3AFC /* Tracker.swift in Sources */,
			);
			runOnlyForDeploymentPostprocessing = 0;
		};
/* End PBXSourcesBuildPhase section */

/* Begin PBXVariantGroup section */
		30F76A812B9F62A300FC3AFC /* LaunchScreen.storyboard */ = {
			isa = PBXVariantGroup;
			children = (
				30F76A822B9F62A300FC3AFC /* Base */,
			);
			name = LaunchScreen.storyboard;
			sourceTree = "<group>";
		};
/* End PBXVariantGroup section */

/* Begin XCBuildConfiguration section */
		30F76A852B9F62A300FC3AFC /* Debug */ = {
			isa = XCBuildConfiguration;
			buildSettings = {
				ALWAYS_SEARCH_USER_PATHS = NO;
				CLANG_ANALYZER_NONNULL = YES;
				CLANG_ANALYZER_NUMBER_OBJECT_CONVERSION = YES_AGGRESSIVE;
				CLANG_CXX_LANGUAGE_STANDARD = "gnu++20";
				CLANG_ENABLE_MODULES = YES;
				CLANG_ENABLE_OBJC_ARC = YES;
				CLANG_ENABLE_OBJC_WEAK = YES;
				CLANG_WARN_BLOCK_CAPTURE_AUTORELEASING = YES;
				CLANG_WARN_BOOL_CONVERSION = YES;
				CLANG_WARN_COMMA = YES;
				CLANG_WARN_CONSTANT_CONVERSION = YES;
				CLANG_WARN_DEPRECATED_OBJC_IMPLEMENTATIONS = YES;
				CLANG_WARN_DIRECT_OBJC_ISA_USAGE = YES_ERROR;
				CLANG_WARN_DOCUMENTATION_COMMENTS = YES;
				CLANG_WARN_EMPTY_BODY = YES;
				CLANG_WARN_ENUM_CONVERSION = YES;
				CLANG_WARN_INFINITE_RECURSION = YES;
				CLANG_WARN_INT_CONVERSION = YES;
				CLANG_WARN_NON_LITERAL_NULL_CONVERSION = YES;
				CLANG_WARN_OBJC_IMPLICIT_RETAIN_SELF = YES;
				CLANG_WARN_OBJC_LITERAL_CONVERSION = YES;
				CLANG_WARN_OBJC_ROOT_CLASS = YES_ERROR;
				CLANG_WARN_QUOTED_INCLUDE_IN_FRAMEWORK_HEADER = YES;
				CLANG_WARN_RANGE_LOOP_ANALYSIS = YES;
				CLANG_WARN_STRICT_PROTOTYPES = YES;
				CLANG_WARN_SUSPICIOUS_MOVE = YES;
				CLANG_WARN_UNGUARDED_AVAILABILITY = YES_AGGRESSIVE;
				CLANG_WARN_UNREACHABLE_CODE = YES;
				CLANG_WARN__DUPLICATE_METHOD_MATCH = YES;
				COPY_PHASE_STRIP = NO;
				DEBUG_INFORMATION_FORMAT = dwarf;
				ENABLE_STRICT_OBJC_MSGSEND = YES;
				ENABLE_TESTABILITY = YES;
				GCC_C_LANGUAGE_STANDARD = gnu11;
				GCC_DYNAMIC_NO_PIC = NO;
				GCC_NO_COMMON_BLOCKS = YES;
				GCC_OPTIMIZATION_LEVEL = 0;
				GCC_PREPROCESSOR_DEFINITIONS = (
					"DEBUG=1",
					"$(inherited)",
				);
				GCC_WARN_64_TO_32_BIT_CONVERSION = YES;
				GCC_WARN_ABOUT_RETURN_TYPE = YES_ERROR;
				GCC_WARN_UNDECLARED_SELECTOR = YES;
				GCC_WARN_UNINITIALIZED_AUTOS = YES_AGGRESSIVE;
				GCC_WARN_UNUSED_FUNCTION = YES;
				GCC_WARN_UNUSED_VARIABLE = YES;
				IPHONEOS_DEPLOYMENT_TARGET = 16.2;
				MTL_ENABLE_DEBUG_INFO = INCLUDE_SOURCE;
				MTL_FAST_MATH = YES;
				ONLY_ACTIVE_ARCH = YES;
				SDKROOT = iphoneos;
				SWIFT_ACTIVE_COMPILATION_CONDITIONS = DEBUG;
				SWIFT_OPTIMIZATION_LEVEL = "-Onone";
			};
			name = Debug;
		};
		30F76A862B9F62A300FC3AFC /* Release */ = {
			isa = XCBuildConfiguration;
			buildSettings = {
				ALWAYS_SEARCH_USER_PATHS = NO;
				CLANG_ANALYZER_NONNULL = YES;
				CLANG_ANALYZER_NUMBER_OBJECT_CONVERSION = YES_AGGRESSIVE;
				CLANG_CXX_LANGUAGE_STANDARD = "gnu++20";
				CLANG_ENABLE_MODULES = YES;
				CLANG_ENABLE_OBJC_ARC = YES;
				CLANG_ENABLE_OBJC_WEAK = YES;
				CLANG_WARN_BLOCK_CAPTURE_AUTORELEASING = YES;
				CLANG_WARN_BOOL_CONVERSION = YES;
				CLANG_WARN_COMMA = YES;
				CLANG_WARN_CONSTANT_CONVERSION = YES;
				CLANG_WARN_DEPRECATED_OBJC_IMPLEMENTATIONS = YES;
				CLANG_WARN_DIRECT_OBJC_ISA_USAGE = YES_ERROR;
				CLANG_WARN_DOCUMENTATION_COMMENTS = YES;
				CLANG_WARN_EMPTY_BODY = YES;
				CLANG_WARN_ENUM_CONVERSION = YES;
				CLANG_WARN_INFINITE_RECURSION = YES;
				CLANG_WARN_INT_CONVERSION = YES;
				CLANG_WARN_NON_LITERAL_NULL_CONVERSION = YES;
				CLANG_WARN_OBJC_IMPLICIT_RETAIN_SELF = YES;
				CLANG_WARN_OBJC_LITERAL_CONVERSION = YES;
				CLANG_WARN_OBJC_ROOT_CLASS = YES_ERROR;
				CLANG_WARN_QUOTED_INCLUDE_IN_FRAMEWORK_HEADER = YES;
				CLANG_WARN_RANGE_LOOP_ANALYSIS = YES;
				CLANG_WARN_STRICT_PROTOTYPES = YES;
				CLANG_WARN_SUSPICIOUS_MOVE = YES;
				CLANG_WARN_UNGUARDED_AVAILABILITY = YES_AGGRESSIVE;
				CLANG_WARN_UNREACHABLE_CODE = YES;
				CLANG_WARN__DUPLICATE_METHOD_MATCH = YES;
				COPY_PHASE_STRIP = NO;
				DEBUG_INFORMATION_FORMAT = "dwarf-with-dsym";
				ENABLE_NS_ASSERTIONS = NO;
				ENABLE_STRICT_OBJC_MSGSEND = YES;
				GCC_C_LANGUAGE_STANDARD = gnu11;
				GCC_NO_COMMON_BLOCKS = YES;
				GCC_WARN_64_TO_32_BIT_CONVERSION = YES;
				GCC_WARN_ABOUT_RETURN_TYPE = YES_ERROR;
				GCC_WARN_UNDECLARED_SELECTOR = YES;
				GCC_WARN_UNINITIALIZED_AUTOS = YES_AGGRESSIVE;
				GCC_WARN_UNUSED_FUNCTION = YES;
				GCC_WARN_UNUSED_VARIABLE = YES;
				IPHONEOS_DEPLOYMENT_TARGET = 16.2;
				MTL_ENABLE_DEBUG_INFO = NO;
				MTL_FAST_MATH = YES;
				SDKROOT = iphoneos;
				SWIFT_COMPILATION_MODE = wholemodule;
				SWIFT_OPTIMIZATION_LEVEL = "-O";
				VALIDATE_PRODUCT = YES;
			};
			name = Release;
		};
		30F76A882B9F62A300FC3AFC /* Debug */ = {
			isa = XCBuildConfiguration;
			buildSettings = {
				ASSETCATALOG_COMPILER_APPICON_NAME = AppIcon;
				ASSETCATALOG_COMPILER_GLOBAL_ACCENT_COLOR_NAME = AccentColor;
				CODE_SIGN_STYLE = Automatic;
				CURRENT_PROJECT_VERSION = 1;
				DEVELOPMENT_TEAM = MFW95575LJ;
				GENERATE_INFOPLIST_FILE = YES;
				INFOPLIST_FILE = Application_Tracker/Info.plist;
				INFOPLIST_KEY_UIApplicationSupportsIndirectInputEvents = YES;
				INFOPLIST_KEY_UILaunchStoryboardName = LaunchScreen;
				INFOPLIST_KEY_UISupportedInterfaceOrientations_iPad = "UIInterfaceOrientationPortrait UIInterfaceOrientationPortraitUpsideDown UIInterfaceOrientationLandscapeLeft UIInterfaceOrientationLandscapeRight";
				INFOPLIST_KEY_UISupportedInterfaceOrientations_iPhone = "UIInterfaceOrientationPortrait UIInterfaceOrientationLandscapeLeft UIInterfaceOrientationLandscapeRight";
				IPHONEOS_DEPLOYMENT_TARGET = 13.4;
				LD_RUNPATH_SEARCH_PATHS = (
					"$(inherited)",
					"@executable_path/Frameworks",
				);
				MARKETING_VERSION = 1.0;
				PRODUCT_BUNDLE_IDENTIFIER = "ru.yandex.practicum.Application-Tracker";
				PRODUCT_NAME = "$(TARGET_NAME)";
				SWIFT_EMIT_LOC_STRINGS = YES;
				SWIFT_VERSION = 5.0;
				TARGETED_DEVICE_FAMILY = "1,2";
			};
			name = Debug;
		};
		30F76A892B9F62A300FC3AFC /* Release */ = {
			isa = XCBuildConfiguration;
			buildSettings = {
				ASSETCATALOG_COMPILER_APPICON_NAME = AppIcon;
				ASSETCATALOG_COMPILER_GLOBAL_ACCENT_COLOR_NAME = AccentColor;
				CODE_SIGN_STYLE = Automatic;
				CURRENT_PROJECT_VERSION = 1;
				DEVELOPMENT_TEAM = MFW95575LJ;
				GENERATE_INFOPLIST_FILE = YES;
				INFOPLIST_FILE = Application_Tracker/Info.plist;
				INFOPLIST_KEY_UIApplicationSupportsIndirectInputEvents = YES;
				INFOPLIST_KEY_UILaunchStoryboardName = LaunchScreen;
				INFOPLIST_KEY_UISupportedInterfaceOrientations_iPad = "UIInterfaceOrientationPortrait UIInterfaceOrientationPortraitUpsideDown UIInterfaceOrientationLandscapeLeft UIInterfaceOrientationLandscapeRight";
				INFOPLIST_KEY_UISupportedInterfaceOrientations_iPhone = "UIInterfaceOrientationPortrait UIInterfaceOrientationLandscapeLeft UIInterfaceOrientationLandscapeRight";
				IPHONEOS_DEPLOYMENT_TARGET = 13.4;
				LD_RUNPATH_SEARCH_PATHS = (
					"$(inherited)",
					"@executable_path/Frameworks",
				);
				MARKETING_VERSION = 1.0;
				PRODUCT_BUNDLE_IDENTIFIER = "ru.yandex.practicum.Application-Tracker";
				PRODUCT_NAME = "$(TARGET_NAME)";
				SWIFT_EMIT_LOC_STRINGS = YES;
				SWIFT_VERSION = 5.0;
				TARGETED_DEVICE_FAMILY = "1,2";
			};
			name = Release;
		};
/* End XCBuildConfiguration section */

/* Begin XCConfigurationList section */
		30F76A6E2B9F62A200FC3AFC /* Build configuration list for PBXProject "Application_Tracker" */ = {
			isa = XCConfigurationList;
			buildConfigurations = (
				30F76A852B9F62A300FC3AFC /* Debug */,
				30F76A862B9F62A300FC3AFC /* Release */,
			);
			defaultConfigurationIsVisible = 0;
			defaultConfigurationName = Release;
		};
		30F76A872B9F62A300FC3AFC /* Build configuration list for PBXNativeTarget "Application_Tracker" */ = {
			isa = XCConfigurationList;
			buildConfigurations = (
				30F76A882B9F62A300FC3AFC /* Debug */,
				30F76A892B9F62A300FC3AFC /* Release */,
			);
			defaultConfigurationIsVisible = 0;
			defaultConfigurationName = Release;
		};
/* End XCConfigurationList section */
	};
	rootObject = 30F76A6B2B9F62A200FC3AFC /* Project object */;
}
